// !$*UTF8*$!
{
	archiveVersion = 1;
	classes = {
	};
	objectVersion = 46;
	objects = {

/* Begin PBXBuildFile section */
		C915A7F11C3CC8310000BDDD /* main.m in Sources */ = {isa = PBXBuildFile; fileRef = C915A7F01C3CC8310000BDDD /* main.m */; };
		C915A7F41C3CC8310000BDDD /* AppDelegate.m in Sources */ = {isa = PBXBuildFile; fileRef = C915A7F31C3CC8310000BDDD /* AppDelegate.m */; };
		C915A7FA1C3CC8320000BDDD /* Main.storyboard in Resources */ = {isa = PBXBuildFile; fileRef = C915A7F81C3CC8320000BDDD /* Main.storyboard */; };
		C915A7FD1C3CC8320000BDDD /* TryDatabase.xcdatamodeld in Sources */ = {isa = PBXBuildFile; fileRef = C915A7FB1C3CC8320000BDDD /* TryDatabase.xcdatamodeld */; };
		C915A7FF1C3CC8320000BDDD /* Assets.xcassets in Resources */ = {isa = PBXBuildFile; fileRef = C915A7FE1C3CC8320000BDDD /* Assets.xcassets */; };
		C915A8021C3CC8320000BDDD /* LaunchScreen.storyboard in Resources */ = {isa = PBXBuildFile; fileRef = C915A8001C3CC8320000BDDD /* LaunchScreen.storyboard */; };
		C915A80A1C3CC8680000BDDD /* CoreData.framework in Frameworks */ = {isa = PBXBuildFile; fileRef = C915A8091C3CC8680000BDDD /* CoreData.framework */; };
		C915A8131C3CC92E0000BDDD /* TableViewController.m in Sources */ = {isa = PBXBuildFile; fileRef = C915A8121C3CC92E0000BDDD /* TableViewController.m */; };
		C915A8161C3CDE120000BDDD /* AddViewController.m in Sources */ = {isa = PBXBuildFile; fileRef = C915A8151C3CDE120000BDDD /* AddViewController.m */; };
/* End PBXBuildFile section */

/* Begin PBXFileReference section */
		C915A7EC1C3CC8310000BDDD /* TryDatabase.app */ = {isa = PBXFileReference; explicitFileType = wrapper.application; includeInIndex = 0; path = TryDatabase.app; sourceTree = BUILT_PRODUCTS_DIR; };
		C915A7F01C3CC8310000BDDD /* main.m */ = {isa = PBXFileReference; lastKnownFileType = sourcecode.c.objc; path = main.m; sourceTree = "<group>"; };
		C915A7F21C3CC8310000BDDD /* AppDelegate.h */ = {isa = PBXFileReference; lastKnownFileType = sourcecode.c.h; path = AppDelegate.h; sourceTree = "<group>"; };
		C915A7F31C3CC8310000BDDD /* AppDelegate.m */ = {isa = PBXFileReference; lastKnownFileType = sourcecode.c.objc; path = AppDelegate.m; sourceTree = "<group>"; };
		C915A7F91C3CC8320000BDDD /* Base */ = {isa = PBXFileReference; lastKnownFileType = file.storyboard; name = Base; path = Base.lproj/Main.storyboard; sourceTree = "<group>"; };
		C915A7FC1C3CC8320000BDDD /* TryDatabase.xcdatamodel */ = {isa = PBXFileReference; lastKnownFileType = wrapper.xcdatamodel; path = TryDatabase.xcdatamodel; sourceTree = "<group>"; };
		C915A7FE1C3CC8320000BDDD /* Assets.xcassets */ = {isa = PBXFileReference; lastKnownFileType = folder.assetcatalog; path = Assets.xcassets; sourceTree = "<group>"; };
		C915A8011C3CC8320000BDDD /* Base */ = {isa = PBXFileReference; lastKnownFileType = file.storyboard; name = Base; path = Base.lproj/LaunchScreen.storyboard; sourceTree = "<group>"; };
		C915A8031C3CC8320000BDDD /* Info.plist */ = {isa = PBXFileReference; lastKnownFileType = text.plist.xml; path = Info.plist; sourceTree = "<group>"; };
		C915A8091C3CC8680000BDDD /* CoreData.framework */ = {isa = PBXFileReference; lastKnownFileType = wrapper.framework; name = CoreData.framework; path = System/Library/Frameworks/CoreData.framework; sourceTree = SDKROOT; };
		C915A8111C3CC92E0000BDDD /* TableViewController.h */ = {isa = PBXFileReference; fileEncoding = 4; lastKnownFileType = sourcecode.c.h; path = TableViewController.h; sourceTree = "<group>"; };
		C915A8121C3CC92E0000BDDD /* TableViewController.m */ = {isa = PBXFileReference; fileEncoding = 4; lastKnownFileType = sourcecode.c.objc; path = TableViewController.m; sourceTree = "<group>"; };
		C915A8141C3CDE120000BDDD /* AddViewController.h */ = {isa = PBXFileReference; fileEncoding = 4; lastKnownFileType = sourcecode.c.h; path = AddViewController.h; sourceTree = "<group>"; };
		C915A8151C3CDE120000BDDD /* AddViewController.m */ = {isa = PBXFileReference; fileEncoding = 4; lastKnownFileType = sourcecode.c.objc; path = AddViewController.m; sourceTree = "<group>"; };
/* End PBXFileReference section */

/* Begin PBXFrameworksBuildPhase section */
		C915A7E91C3CC8310000BDDD /* Frameworks */ = {
			isa = PBXFrameworksBuildPhase;
			buildActionMask = 2147483647;
			files = (
				C915A80A1C3CC8680000BDDD /* CoreData.framework in Frameworks */,
			);
			runOnlyForDeploymentPostprocessing = 0;
		};
/* End PBXFrameworksBuildPhase section */

/* Begin PBXGroup section */
		C915A7E31C3CC8310000BDDD = {
			isa = PBXGroup;
			children = (
				C915A8091C3CC8680000BDDD /* CoreData.framework */,
				C915A7EE1C3CC8310000BDDD /* TryDatabase */,
				C915A7ED1C3CC8310000BDDD /* Products */,
			);
			sourceTree = "<group>";
		};
		C915A7ED1C3CC8310000BDDD /* Products */ = {
			isa = PBXGroup;
			children = (
				C915A7EC1C3CC8310000BDDD /* TryDatabase.app */,
			);
			name = Products;
			sourceTree = "<group>";
		};
		C915A7EE1C3CC8310000BDDD /* TryDatabase */ = {
			isa = PBXGroup;
			children = (
				C915A7F21C3CC8310000BDDD /* AppDelegate.h */,
				C915A7F31C3CC8310000BDDD /* AppDelegate.m */,
				C915A8111C3CC92E0000BDDD /* TableViewController.h */,
				C915A8121C3CC92E0000BDDD /* TableViewController.m */,
				C915A8141C3CDE120000BDDD /* AddViewController.h */,
				C915A8151C3CDE120000BDDD /* AddViewController.m */,
				C915A7F81C3CC8320000BDDD /* Main.storyboard */,
				C915A7FE1C3CC8320000BDDD /* Assets.xcassets */,
				C915A8001C3CC8320000BDDD /* LaunchScreen.storyboard */,
				C915A8031C3CC8320000BDDD /* Info.plist */,
				C915A7FB1C3CC8320000BDDD /* TryDatabase.xcdatamodeld */,
				C915A7EF1C3CC8310000BDDD /* Supporting Files */,
			);
			path = TryDatabase;
			sourceTree = "<group>";
		};
		C915A7EF1C3CC8310000BDDD /* Supporting Files */ = {
			isa = PBXGroup;
			children = (
				C915A7F01C3CC8310000BDDD /* main.m */,
			);
			name = "Supporting Files";
			sourceTree = "<group>";
		};
/* End PBXGroup section */

/* Begin PBXNativeTarget section */
		C915A7EB1C3CC8310000BDDD /* TryDatabase */ = {
			isa = PBXNativeTarget;
			buildConfigurationList = C915A8061C3CC8320000BDDD /* Build configuration list for PBXNativeTarget "TryDatabase" */;
			buildPhases = (
				C915A7E81C3CC8310000BDDD /* Sources */,
				C915A7E91C3CC8310000BDDD /* Frameworks */,
				C915A7EA1C3CC8310000BDDD /* Resources */,
			);
			buildRules = (
			);
			dependencies = (
			);
			name = TryDatabase;
			productName = TryDatabase;
			productReference = C915A7EC1C3CC8310000BDDD /* TryDatabase.app */;
			productType = "com.apple.product-type.application";
		};
/* End PBXNativeTarget section */

/* Begin PBXProject section */
		C915A7E41C3CC8310000BDDD /* Project object */ = {
			isa = PBXProject;
			attributes = {
				LastUpgradeCheck = 0720;
				ORGANIZATIONNAME = teguholica;
				TargetAttributes = {
					C915A7EB1C3CC8310000BDDD = {
						CreatedOnToolsVersion = 7.2;
					};
				};
			};
			buildConfigurationList = C915A7E71C3CC8310000BDDD /* Build configuration list for PBXProject "TryDatabase" */;
			compatibilityVersion = "Xcode 3.2";
			developmentRegion = English;
			hasScannedForEncodings = 0;
			knownRegions = (
				en,
				Base,
			);
			mainGroup = C915A7E31C3CC8310000BDDD;
			productRefGroup = C915A7ED1C3CC8310000BDDD /* Products */;
			projectDirPath = "";
			projectRoot = "";
			targets = (
				C915A7EB1C3CC8310000BDDD /* TryDatabase */,
			);
		};
/* End PBXProject section */

/* Begin PBXResourcesBuildPhase section */
		C915A7EA1C3CC8310000BDDD /* Resources */ = {
			isa = PBXResourcesBuildPhase;
			buildActionMask = 2147483647;
			files = (
				C915A8021C3CC8320000BDDD /* LaunchScreen.storyboard in Resources */,
				C915A7FF1C3CC8320000BDDD /* Assets.xcassets in Resources */,
				C915A7FA1C3CC8320000BDDD /* Main.storyboard in Resources */,
			);
			runOnlyForDeploymentPostprocessing = 0;
		};
/* End PBXResourcesBuildPhase section */

/* Begin PBXSourcesBuildPhase section */
		C915A7E81C3CC8310000BDDD /* Sources */ = {
			isa = PBXSourcesBuildPhase;
			buildActionMask = 2147483647;
			files = (
				C915A8161C3CDE120000BDDD /* AddViewController.m in Sources */,
				C915A7FD1C3CC8320000BDDD /* TryDatabase.xcdatamodeld in Sources */,
				C915A7F41C3CC8310000BDDD /* AppDelegate.m in Sources */,
				C915A7F11C3CC8310000BDDD /* main.m in Sources */,
				C915A8131C3CC92E0000BDDD /* TableViewController.m in Sources */,
			);
			runOnlyForDeploymentPostprocessing = 0;
		};
/* End PBXSourcesBuildPhase section */

/* Begin PBXVariantGroup section */
		C915A7F81C3CC8320000BDDD /* Main.storyboard */ = {
			isa = PBXVariantGroup;
			children = (
				C915A7F91C3CC8320000BDDD /* Base */,
			);
			name = Main.storyboard;
			sourceTree = "<group>";
		};
		C915A8001C3CC8320000BDDD /* LaunchScreen.storyboard */ = {
			isa = PBXVariantGroup;
			children = (
				C915A8011C3CC8320000BDDD /* Base */,
			);
			name = LaunchScreen.storyboard;
			sourceTree = "<group>";
		};
/* End PBXVariantGroup section */

/* Begin XCBuildConfiguration section */
		C915A8041C3CC8320000BDDD /* Debug */ = {
			isa = XCBuildConfiguration;
			buildSettings = {
				ALWAYS_SEARCH_USER_PATHS = NO;
				CLANG_CXX_LANGUAGE_STANDARD = "gnu++0x";
				CLANG_CXX_LIBRARY = "libc++";
				CLANG_ENABLE_MODULES = YES;
				CLANG_ENABLE_OBJC_ARC = YES;
				CLANG_WARN_BOOL_CONVERSION = YES;
				CLANG_WARN_CONSTANT_CONVERSION = YES;
				CLANG_WARN_DIRECT_OBJC_ISA_USAGE = YES_ERROR;
				CLANG_WARN_EMPTY_BODY = YES;
				CLANG_WARN_ENUM_CONVERSION = YES;
				CLANG_WARN_INT_CONVERSION = YES;
				CLANG_WARN_OBJC_ROOT_CLASS = YES_ERROR;
				CLANG_WARN_UNREACHABLE_CODE = YES;
				CLANG_WARN__DUPLICATE_METHOD_MATCH = YES;
				"CODE_SIGN_IDENTITY[sdk=iphoneos*]" = "iPhone Developer";
				COPY_PHASE_STRIP = NO;
				DEBUG_INFORMATION_FORMAT = dwarf;
				ENABLE_STRICT_OBJC_MSGSEND = YES;
				ENABLE_TESTABILITY = YES;
				GCC_C_LANGUAGE_STANDARD = gnu99;
				GCC_DYNAMIC_NO_PIC = NO;
				GCC_NO_COMMON_BLOCKS = YES;
				GCC_OPTIMIZATION_LEVEL = 0;
				GCC_PREPROCESSOR_DEFINITIONS = (
					"DEBUG=1",
					"$(inherited)",
				);
				GCC_WARN_64_TO_32_BIT_CONVERSION = YES;
				GCC_WARN_ABOUT_RETURN_TYPE = YES_ERROR;
				GCC_WARN_UNDECLARED_SELECTOR = YES;
				GCC_WARN_UNINITIALIZED_AUTOS = YES_AGGRESSIVE;
				GCC_WARN_UNUSED_FUNCTION = YES;
				GCC_WARN_UNUSED_VARIABLE = YES;
				IPHONEOS_DEPLOYMENT_TARGET = 9.2;
				MTL_ENABLE_DEBUG_INFO = YES;
				ONLY_ACTIVE_ARCH = YES;
				SDKROOT = iphoneos;
			};
			name = Debug;
		};
		C915A8051C3CC8320000BDDD /* Release */ = {
			isa = XCBuildConfiguration;
			buildSettings = {
				ALWAYS_SEARCH_USER_PATHS = NO;
				CLANG_CXX_LANGUAGE_STANDARD = "gnu++0x";
				CLANG_CXX_LIBRARY = "libc++";
				CLANG_ENABLE_MODULES = YES;
				CLANG_ENABLE_OBJC_ARC = YES;
				CLANG_WARN_BOOL_CONVERSION = YES;
				CLANG_WARN_CONSTANT_CONVERSION = YES;
				CLANG_WARN_DIRECT_OBJC_ISA_USAGE = YES_ERROR;
				CLANG_WARN_EMPTY_BODY = YES;
				CLANG_WARN_ENUM_CONVERSION = YES;
				CLANG_WARN_INT_CONVERSION = YES;
				CLANG_WARN_OBJC_ROOT_CLASS = YES_ERROR;
				CLANG_WARN_UNREACHABLE_CODE = YES;
				CLANG_WARN__DUPLICATE_METHOD_MATCH = YES;
				"CODE_SIGN_IDENTITY[sdk=iphoneos*]" = "iPhone Developer";
				COPY_PHASE_STRIP = NO;
				DEBUG_INFORMATION_FORMAT = "dwarf-with-dsym";
				ENABLE_NS_ASSERTIONS = NO;
				ENABLE_STRICT_OBJC_MSGSEND = YES;
				GCC_C_LANGUAGE_STANDARD = gnu99;
				GCC_NO_COMMON_BLOCKS = YES;
				GCC_WARN_64_TO_32_BIT_CONVERSION = YES;
				GCC_WARN_ABOUT_RETURN_TYPE = YES_ERROR;
				GCC_WARN_UNDECLARED_SELECTOR = YES;
				GCC_WARN_UNINITIALIZED_AUTOS = YES_AGGRESSIVE;
				GCC_WARN_UNUSED_FUNCTION = YES;
				GCC_WARN_UNUSED_VARIABLE = YES;
				IPHONEOS_DEPLOYMENT_TARGET = 9.2;
				MTL_ENABLE_DEBUG_INFO = NO;
				SDKROOT = iphoneos;
				VALIDATE_PRODUCT = YES;
			};
			name = Release;
		};
		C915A8071C3CC8320000BDDD /* Debug */ = {
			isa = XCBuildConfiguration;
			buildSettings = {
				ASSETCATALOG_COMPILER_APPICON_NAME = AppIcon;
				INFOPLIST_FILE = TryDatabase/Info.plist;
				LD_RUNPATH_SEARCH_PATHS = "$(inherited) @executable_path/Frameworks";
				PRODUCT_BUNDLE_IDENTIFIER = com.teguholica.TryDatabase;
				PRODUCT_NAME = "$(TARGET_NAME)";
			};
			name = Debug;
		};
		C915A8081C3CC8320000BDDD /* Release */ = {
			isa = XCBuildConfiguration;
			buildSettings = {
				ASSETCATALOG_COMPILER_APPICON_NAME = AppIcon;
				INFOPLIST_FILE = TryDatabase/Info.plist;
				LD_RUNPATH_SEARCH_PATHS = "$(inherited) @executable_path/Frameworks";
				PRODUCT_BUNDLE_IDENTIFIER = com.teguholica.TryDatabase;
				PRODUCT_NAME = "$(TARGET_NAME)";
			};
			name = Release;
		};
/* End XCBuildConfiguration section */

/* Begin XCConfigurationList section */
		C915A7E71C3CC8310000BDDD /* Build configuration list for PBXProject "TryDatabase" */ = {
			isa = XCConfigurationList;
			buildConfigurations = (
				C915A8041C3CC8320000BDDD /* Debug */,
				C915A8051C3CC8320000BDDD /* Release */,
			);
			defaultConfigurationIsVisible = 0;
			defaultConfigurationName = Release;
		};
		C915A8061C3CC8320000BDDD /* Build configuration list for PBXNativeTarget "TryDatabase" */ = {
			isa = XCConfigurationList;
			buildConfigurations = (
				C915A8071C3CC8320000BDDD /* Debug */,
				C915A8081C3CC8320000BDDD /* Release */,
			);
			defaultConfigurationIsVisible = 0;
		};
/* End XCConfigurationList section */

/* Begin XCVersionGroup section */
		C915A7FB1C3CC8320000BDDD /* TryDatabase.xcdatamodeld */ = {
			isa = XCVersionGroup;
			children = (
				C915A7FC1C3CC8320000BDDD /* TryDatabase.xcdatamodel */,
			);
			currentVersion = C915A7FC1C3CC8320000BDDD /* TryDatabase.xcdatamodel */;
			path = TryDatabase.xcdatamodeld;
			sourceTree = "<group>";
			versionGroupType = wrapper.xcdatamodel;
		};
/* End XCVersionGroup section */
	};
	rootObject = C915A7E41C3CC8310000BDDD /* Project object */;
}
